PODS:
  - GoogleAnalytics-iOS-SDK (3.0.2)
  - MRProgress (0.2.2)
  - REFrostedViewController (2.4.1)

DEPENDENCIES:
  - GoogleAnalytics-iOS-SDK
  - MRProgress (~> 0.2.2)
  - REFrostedViewController (~> 2.4.1)

SPEC CHECKSUMS:
  GoogleAnalytics-iOS-SDK: 86393b99f7328ae8d8e975fcaa8632a39dafafe8
  MRProgress: 51af562344c3fe38ce3c0617fd064f6f1ce55cd5
  REFrostedViewController: 56f6b2dc7ae02968be251fcd379bc283696f310d

COCOAPODS: 0.26.1
