PODS:
  - AFNetworking (2.2.0):
    - AFNetworking/NSURLConnection
    - AFNetworking/NSURLSession
    - AFNetworking/Reachability
    - AFNetworking/Security
    - AFNetworking/Serialization
    - AFNetworking/UIKit
  - AFNetworking/NSURLConnection (2.2.0):
    - AFNetworking/Reachability
    - AFNetworking/Security
    - AFNetworking/Serialization
  - AFNetworking/NSURLSession (2.2.0):
    - AFNetworking/NSURLConnection
  - AFNetworking/Reachability (2.2.0)
  - AFNetworking/Security (2.2.0)
  - AFNetworking/Serialization (2.2.0)
  - AFNetworking/UIKit (2.2.0):
    - AFNetworking/NSURLConnection
    - AFNetworking/NSURLSession
  - BButton (3.2.3)
  - CXAlertView (1.0.1)
  - FBGlowLabel (0.0.1)
  - GoogleAnalytics-iOS-SDK (3.0.2)
  - GPUImage (HEAD based on 0.1.2)
  - JSMessagesViewController (3.4.4):
    - JSQSystemSoundPlayer
  - JSQSystemSoundPlayer (1.4.0)
  - KxMenu (1)
  - Lockbox (1.4.6)
  - MotionOrientation@PTEz (1.0.0)
  - MRProgress (0.2.2)
  - NBUCore (2.0.0)
  - NBUImagePicker (1.0.0):
    - NBUImagePicker/Assets
    - NBUImagePicker/Base
    - NBUImagePicker/Camera
    - NBUImagePicker/Filters
    - NBUImagePicker/Gallery
    - NBUImagePicker/Image
    - NBUImagePicker/MediaInfo
    - NBUImagePicker/Picker
    - NBUImagePicker/Resources
    - NBUKit (>= 2.0.1)
  - NBUImagePicker/Assets (1.0.0):
    - NBUImagePicker/Base
    - NBUKit (>= 2.0.1)
  - NBUImagePicker/Base (1.0.0):
    - NBUKit (>= 2.0.1)
  - NBUImagePicker/Camera (1.0.0):
    - NBUImagePicker/Assets
    - NBUKit (>= 2.0.1)
    - RBVolumeButtons
  - NBUImagePicker/Filters (1.0.0):
    - GPUImage (>= 0.1.2)
    - NBUImagePicker/Base
    - NBUKit (>= 2.0.1)
  - NBUImagePicker/Gallery (1.0.0):
    - NBUImagePicker/Assets
    - NBUImagePicker/MediaInfo
    - NBUKit (>= 2.0.1)
  - NBUImagePicker/Image (1.0.0):
    - NBUImagePicker/Filters
    - NBUImagePicker/MediaInfo
    - NBUKit (>= 2.0.1)
  - NBUImagePicker/MediaInfo (1.0.0):
    - NBUImagePicker/Assets
    - NBUKit (>= 2.0.1)
  - NBUImagePicker/Picker (1.0.0):
    - NBUImagePicker/Camera
    - NBUImagePicker/Gallery
    - NBUImagePicker/Image
    - NBUKit (>= 2.0.1)
  - NBUImagePicker/Resources (1.0.0):
    - NBUKit (>= 2.0.1)
  - NBUKit (2.1.0):
    - Lockbox (>= 1.4.6)
    - NBUCore (>= 2.0.0)
    - NBUKit/Additions
    - NBUKit/Base
    - NBUKit/Library
    - NBUKit/UI
  - NBUKit/Additions (2.1.0):
    - Lockbox (>= 1.4.6)
    - NBUCore (>= 2.0.0)
    - NBUKit/Base
  - NBUKit/Base (2.1.0):
    - Lockbox (>= 1.4.6)
    - NBUCore (>= 2.0.0)
  - NBUKit/Library (2.1.0):
    - Lockbox (>= 1.4.6)
    - NBUCore (>= 2.0.0)
    - NBUKit/Base
    - NBUKit/Library/NBUCompatibility
    - NBUKit/Library/RestKit Support
  - NBUKit/Library/NBUCompatibility (2.1.0):
    - Lockbox (>= 1.4.6)
    - NBUCore (>= 2.0.0)
    - NBUKit/Base
    - NBUKit/UI
  - NBUKit/Library/RestKit Support (2.1.0):
    - Lockbox (>= 1.4.6)
    - NBUCore (>= 2.0.0)
    - NBUKit/Base
  - NBUKit/UI (2.1.0):
    - Lockbox (>= 1.4.6)
    - MotionOrientation@PTEz (>= 1.0.0)
    - NBUCore (>= 2.0.0)
    - NBUKit/Additions
    - NBUKit/Library/NBUCompatibility
    - NBUKit/Library/RestKit Support
  - RBVolumeButtons (0.0.1)
  - REMenu (1.8)
  - SignalR-ObjC (2.0.0.alpha1):
    - AFNetworking (~> 2.0)
    - SocketRocket (= 0.3.1-beta2)
  - SocketRocket (0.3.1-beta2)
  - UIImage-Helpers (0.0.1)

DEPENDENCIES:
  - BButton
  - CXAlertView
  - FBGlowLabel (from `https://github.com/lyokato/FBGlowLabel.git`)
  - GoogleAnalytics-iOS-SDK
  - GPUImage (HEAD)
  - JSMessagesViewController
  - KxMenu (~> 1)
  - MRProgress (~> 0.2.2)
  - NBUImagePicker
  - REMenu (~> 1.8)
  - SignalR-ObjC
  - UIImage-Helpers (~> 0.0.1)

EXTERNAL SOURCES:
  FBGlowLabel:
    :git: https://github.com/lyokato/FBGlowLabel.git

SPEC CHECKSUMS:
  AFNetworking: e8cfd8f3fe3bfe19124a0cc63f4d45752d892a56
  BButton: b405745cd7ccc9444c696b8690fb79541623766a
  CXAlertView: 59e8305700c59a27730c636765cb76311d311b88
  FBGlowLabel: c6b4d3f4d2117071be5f453e25f9bc5a67935b2d
  GoogleAnalytics-iOS-SDK: 86393b99f7328ae8d8e975fcaa8632a39dafafe8
  GPUImage: 007145faa0e27f1ddbcab93e07f026c9776e2fa2
  JSMessagesViewController: 309de7324fbf48b7da924b002ef6017d5d2ce026
  JSQSystemSoundPlayer: 28ccd01a92a0cebc6de6361e8499011b4cb6dab7
  KxMenu: 99db7f9b685c3c8325d152df3fe5b7fdc8b8343e
  Lockbox: 56ac5c11e51d46baa4408960a5a35b355a32840e
  MotionOrientation@PTEz: 0b987d39639b13ce2769f6dc6f96f59783ca8786
  MRProgress: 51af562344c3fe38ce3c0617fd064f6f1ce55cd5
  NBUCore: 66e33f9426cbefb5ca88f3228cfc2dd36eac6e71
  NBUImagePicker: 9e16842451e59f9b3ba887a69c8b87154513c1c8
  NBUKit: e13f4ef5921e3fe8b4a5282f994c81b17df9a84e
  RBVolumeButtons: 8fc67cc874d6dfa1808f61c91e9931ccabe52ae0
  REMenu: 40bb965c968b298c3f36d36067a15dd3f2c52473
  SignalR-ObjC: 5790e7749e29e4e0ed67e0986893de54a35a5a5c
  SocketRocket: 7ac946bcce46287a791dfff3c1f8daa692821dae
  UIImage-Helpers: 1a0141077f52b199135dc6999ce603dc5a31ae28

COCOAPODS: 0.29.0
